
Microsoft Visual Studio Solution File, Format Version 12.00
# Visual Studio Version 16
VisualStudioVersion = 16.0.31727.386
MinimumVisualStudioVersion = 10.0.40219.1
Project("{FAE04EC0-301F-11D3-BF4B-00C04F79EFBC}") = "HotelReservation", "HotelReservation.csproj", "{6B8DBA50-023B-4C30-AA96-23C1CA7451DC}"
EndProject
Project("{54435603-DBB4-11D2-8724-00A0C9A8B90C}") = "HRMS", "..\..\SetupHRMS\HRMS\HRMS.vdproj", "{CCC6CD50-DB0C-4A6F-AE3A-CA5DB30CBB3A}"
EndProject
Global
	GlobalSection(SolutionConfigurationPlatforms) = preSolution
		Debug|Any CPU = Debug|Any CPU
		Release|Any CPU = Release|Any CPU
	EndGlobalSection
	GlobalSection(ProjectConfigurationPlatforms) = postSolution
		{6B8DBA50-023B-4C30-AA96-23C1CA7451DC}.Debug|Any CPU.ActiveCfg = Debug|Any CPU
		{6B8DBA50-023B-4C30-AA96-23C1CA7451DC}.Debug|Any CPU.Build.0 = Debug|Any CPU
		{6B8DBA50-023B-4C30-AA96-23C1CA7451DC}.Release|Any CPU.ActiveCfg = Release|Any CPU
		{6B8DBA50-023B-4C30-AA96-23C1CA7451DC}.Release|Any CPU.Build.0 = Release|Any CPU
		{CCC6CD50-DB0C-4A6F-AE3A-CA5DB30CBB3A}.Debug|Any CPU.ActiveCfg = Debug
		{CCC6CD50-DB0C-4A6F-AE3A-CA5DB30CBB3A}.Release|Any CPU.ActiveCfg = Release
	EndGlobalSection
	GlobalSection(SolutionProperties) = preSolution
		HideSolutionNode = FALSE
	EndGlobalSection
	GlobalSection(ExtensibilityGlobals) = postSolution
		SolutionGuid = {1AD5624C-751A-4C69-BE9E-E3EC7E18BC76}
	EndGlobalSection
EndGlobal
